// !$*UTF8*$!
{
	archiveVersion = 1;
	classes = {
	};
	objectVersion = 54;
	objects = {

/* Begin PBXBuildFile section */
		40127E9726F9E0E900C9F265 /* CompactMonthView.swift in Sources */ = {isa = PBXBuildFile; fileRef = 40127E9626F9E0E900C9F265 /* CompactMonthView.swift */; };
		6FCCB20526FCC55C00B6E83A /* Auxiliary.swift in Sources */ = {isa = PBXBuildFile; fileRef = 6FCCB20426FCC55C00B6E83A /* Auxiliary.swift */; };
		C80C542D26E26D61002A9665 /* WhileSequence.swift in Sources */ = {isa = PBXBuildFile; fileRef = C80C542C26E26D61002A9665 /* WhileSequence.swift */; };
		C82FA23A26DCE5FE0099D749 /* Month.swift in Sources */ = {isa = PBXBuildFile; fileRef = C82FA23926DCE5FE0099D749 /* Month.swift */; };
		C893C87026E656A400FB2E4F /* Collection+binarySearch.swift in Sources */ = {isa = PBXBuildFile; fileRef = C893C86F26E656A400FB2E4F /* Collection+binarySearch.swift */; };
		C893C87226E6AC9200FB2E4F /* DayView.swift in Sources */ = {isa = PBXBuildFile; fileRef = C893C87126E6AC9200FB2E4F /* DayView.swift */; };
		C893C87426E6ACBC00FB2E4F /* WeekView.swift in Sources */ = {isa = PBXBuildFile; fileRef = C893C87326E6ACBC00FB2E4F /* WeekView.swift */; };
		C893C87626E6ACD700FB2E4F /* MonthView.swift in Sources */ = {isa = PBXBuildFile; fileRef = C893C87526E6ACD700FB2E4F /* MonthView.swift */; };
		C893C87826E6ACF900FB2E4F /* YearView.swift in Sources */ = {isa = PBXBuildFile; fileRef = C893C87726E6ACF900FB2E4F /* YearView.swift */; };
		C893C87A26E6AD6200FB2E4F /* CalendarView.swift in Sources */ = {isa = PBXBuildFile; fileRef = C893C87926E6AD6200FB2E4F /* CalendarView.swift */; };
		C893C87C26E6AEEA00FB2E4F /* CalendarScaledView.swift in Sources */ = {isa = PBXBuildFile; fileRef = C893C87B26E6AEEA00FB2E4F /* CalendarScaledView.swift */; };
		C8B1082726EA805800E4081D /* Localization.strings in Resources */ = {isa = PBXBuildFile; fileRef = C8B1082926EA805800E4081D /* Localization.strings */; };
		C8E8C91B26DFBEE300E1D440 /* CalendarViewModel.swift in Sources */ = {isa = PBXBuildFile; fileRef = C8E8C91A26DFBEE300E1D440 /* CalendarViewModel.swift */; };
		C8E8C91D26DFC51C00E1D440 /* Identified.swift in Sources */ = {isa = PBXBuildFile; fileRef = C8E8C91C26DFC51C00E1D440 /* Identified.swift */; };
		C8E8C91F26DFC96300E1D440 /* CalendarComponentsManager.swift in Sources */ = {isa = PBXBuildFile; fileRef = C8E8C91E26DFC96300E1D440 /* CalendarComponentsManager.swift */; };
		C8EA33B626DC0A8700B9C838 /* CalendarApp.swift in Sources */ = {isa = PBXBuildFile; fileRef = C8EA33B526DC0A8700B9C838 /* CalendarApp.swift */; };
		C8EA33B826DC0A8700B9C838 /* RootView.swift in Sources */ = {isa = PBXBuildFile; fileRef = C8EA33B726DC0A8700B9C838 /* RootView.swift */; };
		C8EA33BA26DC0A8900B9C838 /* Assets.xcassets in Resources */ = {isa = PBXBuildFile; fileRef = C8EA33B926DC0A8900B9C838 /* Assets.xcassets */; };
		C8EA33BD26DC0A8900B9C838 /* Preview Assets.xcassets in Resources */ = {isa = PBXBuildFile; fileRef = C8EA33BC26DC0A8900B9C838 /* Preview Assets.xcassets */; };
/* End PBXBuildFile section */

/* Begin PBXFileReference section */
		40127E9626F9E0E900C9F265 /* CompactMonthView.swift */ = {isa = PBXFileReference; lastKnownFileType = sourcecode.swift; path = CompactMonthView.swift; sourceTree = "<group>"; };
		6FCCB20426FCC55C00B6E83A /* Auxiliary.swift */ = {isa = PBXFileReference; lastKnownFileType = sourcecode.swift; path = Auxiliary.swift; sourceTree = "<group>"; };
		C80C542C26E26D61002A9665 /* WhileSequence.swift */ = {isa = PBXFileReference; lastKnownFileType = sourcecode.swift; path = WhileSequence.swift; sourceTree = "<group>"; };
		C82FA23926DCE5FE0099D749 /* Month.swift */ = {isa = PBXFileReference; lastKnownFileType = sourcecode.swift; path = Month.swift; sourceTree = "<group>"; };
		C893C86F26E656A400FB2E4F /* Collection+binarySearch.swift */ = {isa = PBXFileReference; lastKnownFileType = sourcecode.swift; path = "Collection+binarySearch.swift"; sourceTree = "<group>"; };
		C893C87126E6AC9200FB2E4F /* DayView.swift */ = {isa = PBXFileReference; lastKnownFileType = sourcecode.swift; path = DayView.swift; sourceTree = "<group>"; };
		C893C87326E6ACBC00FB2E4F /* WeekView.swift */ = {isa = PBXFileReference; lastKnownFileType = sourcecode.swift; path = WeekView.swift; sourceTree = "<group>"; };
		C893C87526E6ACD700FB2E4F /* MonthView.swift */ = {isa = PBXFileReference; lastKnownFileType = sourcecode.swift; path = MonthView.swift; sourceTree = "<group>"; };
		C893C87726E6ACF900FB2E4F /* YearView.swift */ = {isa = PBXFileReference; lastKnownFileType = sourcecode.swift; path = YearView.swift; sourceTree = "<group>"; };
		C893C87926E6AD6200FB2E4F /* CalendarView.swift */ = {isa = PBXFileReference; lastKnownFileType = sourcecode.swift; path = CalendarView.swift; sourceTree = "<group>"; };
		C893C87B26E6AEEA00FB2E4F /* CalendarScaledView.swift */ = {isa = PBXFileReference; lastKnownFileType = sourcecode.swift; path = CalendarScaledView.swift; sourceTree = "<group>"; };
		C8B1082826EA805800E4081D /* en */ = {isa = PBXFileReference; lastKnownFileType = text.plist.strings; name = en; path = en.lproj/Localization.strings; sourceTree = "<group>"; };
		C8B1082A26EA805D00E4081D /* ru */ = {isa = PBXFileReference; lastKnownFileType = text.plist.strings; name = ru; path = ru.lproj/Localization.strings; sourceTree = "<group>"; };
		C8E8C91A26DFBEE300E1D440 /* CalendarViewModel.swift */ = {isa = PBXFileReference; lastKnownFileType = sourcecode.swift; path = CalendarViewModel.swift; sourceTree = "<group>"; };
		C8E8C91C26DFC51C00E1D440 /* Identified.swift */ = {isa = PBXFileReference; lastKnownFileType = sourcecode.swift; path = Identified.swift; sourceTree = "<group>"; };
		C8E8C91E26DFC96300E1D440 /* CalendarComponentsManager.swift */ = {isa = PBXFileReference; lastKnownFileType = sourcecode.swift; path = CalendarComponentsManager.swift; sourceTree = "<group>"; };
		C8EA33B226DC0A8700B9C838 /* Calendar.app */ = {isa = PBXFileReference; explicitFileType = wrapper.application; includeInIndex = 0; path = Calendar.app; sourceTree = BUILT_PRODUCTS_DIR; };
		C8EA33B526DC0A8700B9C838 /* CalendarApp.swift */ = {isa = PBXFileReference; lastKnownFileType = sourcecode.swift; path = CalendarApp.swift; sourceTree = "<group>"; };
		C8EA33B726DC0A8700B9C838 /* RootView.swift */ = {isa = PBXFileReference; lastKnownFileType = sourcecode.swift; path = RootView.swift; sourceTree = "<group>"; };
		C8EA33B926DC0A8900B9C838 /* Assets.xcassets */ = {isa = PBXFileReference; lastKnownFileType = folder.assetcatalog; path = Assets.xcassets; sourceTree = "<group>"; };
		C8EA33BC26DC0A8900B9C838 /* Preview Assets.xcassets */ = {isa = PBXFileReference; lastKnownFileType = folder.assetcatalog; path = "Preview Assets.xcassets"; sourceTree = "<group>"; };
		C8EA33BE26DC0A8900B9C838 /* Info.plist */ = {isa = PBXFileReference; lastKnownFileType = text.plist.xml; path = Info.plist; sourceTree = "<group>"; };
/* End PBXFileReference section */

/* Begin PBXFrameworksBuildPhase section */
		C8EA33AF26DC0A8700B9C838 /* Frameworks */ = {
			isa = PBXFrameworksBuildPhase;
			buildActionMask = 2147483647;
			files = (
			);
			runOnlyForDeploymentPostprocessing = 0;
		};
/* End PBXFrameworksBuildPhase section */

/* Begin PBXGroup section */
		C8EA33A926DC0A8700B9C838 = {
			isa = PBXGroup;
			children = (
				C8EA33B426DC0A8700B9C838 /* Calendar */,
				C8EA33B326DC0A8700B9C838 /* Products */,
			);
			sourceTree = "<group>";
		};
		C8EA33B326DC0A8700B9C838 /* Products */ = {
			isa = PBXGroup;
			children = (
				C8EA33B226DC0A8700B9C838 /* Calendar.app */,
			);
			name = Products;
			sourceTree = "<group>";
		};
		C8EA33B426DC0A8700B9C838 /* Calendar */ = {
			isa = PBXGroup;
			children = (
				C8EA33B526DC0A8700B9C838 /* CalendarApp.swift */,
				C8EA33B726DC0A8700B9C838 /* RootView.swift */,
				C893C87926E6AD6200FB2E4F /* CalendarView.swift */,
				6FCCB20426FCC55C00B6E83A /* Auxiliary.swift */,
				C893C87B26E6AEEA00FB2E4F /* CalendarScaledView.swift */,
				40127E9626F9E0E900C9F265 /* CompactMonthView.swift */,
				C893C87726E6ACF900FB2E4F /* YearView.swift */,
				C893C87526E6ACD700FB2E4F /* MonthView.swift */,
				C893C87326E6ACBC00FB2E4F /* WeekView.swift */,
				C893C87126E6AC9200FB2E4F /* DayView.swift */,
				C8E8C91C26DFC51C00E1D440 /* Identified.swift */,
				C8E8C91A26DFBEE300E1D440 /* CalendarViewModel.swift */,
				C893C86F26E656A400FB2E4F /* Collection+binarySearch.swift */,
				C80C542C26E26D61002A9665 /* WhileSequence.swift */,
				C82FA23926DCE5FE0099D749 /* Month.swift */,
				C8E8C91E26DFC96300E1D440 /* CalendarComponentsManager.swift */,
				C8EA33B926DC0A8900B9C838 /* Assets.xcassets */,
				C8EA33BE26DC0A8900B9C838 /* Info.plist */,
				C8B1082926EA805800E4081D /* Localization.strings */,
				C8EA33BB26DC0A8900B9C838 /* Preview Content */,
			);
			path = Calendar;
			sourceTree = "<group>";
		};
		C8EA33BB26DC0A8900B9C838 /* Preview Content */ = {
			isa = PBXGroup;
			children = (
				C8EA33BC26DC0A8900B9C838 /* Preview Assets.xcassets */,
			);
			path = "Preview Content";
			sourceTree = "<group>";
		};
/* End PBXGroup section */

/* Begin PBXNativeTarget section */
		C8EA33B126DC0A8700B9C838 /* Calendar */ = {
			isa = PBXNativeTarget;
			buildConfigurationList = C8EA33C126DC0A8900B9C838 /* Build configuration list for PBXNativeTarget "Calendar" */;
			buildPhases = (
				C8EA33AE26DC0A8700B9C838 /* Sources */,
				C8EA33AF26DC0A8700B9C838 /* Frameworks */,
				C8EA33B026DC0A8700B9C838 /* Resources */,
			);
			buildRules = (
			);
			dependencies = (
			);
			name = Calendar;
			productName = DesignSystem;
			productReference = C8EA33B226DC0A8700B9C838 /* Calendar.app */;
			productType = "com.apple.product-type.application";
		};
/* End PBXNativeTarget section */

/* Begin PBXProject section */
		C8EA33AA26DC0A8700B9C838 /* Project object */ = {
			isa = PBXProject;
			attributes = {
				LastSwiftUpdateCheck = 1250;
				LastUpgradeCheck = 1300;
				TargetAttributes = {
					C8EA33B126DC0A8700B9C838 = {
						CreatedOnToolsVersion = 12.5.1;
					};
				};
			};
			buildConfigurationList = C8EA33AD26DC0A8700B9C838 /* Build configuration list for PBXProject "Calendar" */;
			compatibilityVersion = "Xcode 12.0";
			developmentRegion = en;
			hasScannedForEncodings = 0;
			knownRegions = (
				en,
				Base,
				ru,
			);
			mainGroup = C8EA33A926DC0A8700B9C838;
			productRefGroup = C8EA33B326DC0A8700B9C838 /* Products */;
			projectDirPath = "";
			projectRoot = "";
			targets = (
				C8EA33B126DC0A8700B9C838 /* Calendar */,
			);
		};
/* End PBXProject section */

/* Begin PBXResourcesBuildPhase section */
		C8EA33B026DC0A8700B9C838 /* Resources */ = {
			isa = PBXResourcesBuildPhase;
			buildActionMask = 2147483647;
			files = (
				C8EA33BD26DC0A8900B9C838 /* Preview Assets.xcassets in Resources */,
				C8B1082726EA805800E4081D /* Localization.strings in Resources */,
				C8EA33BA26DC0A8900B9C838 /* Assets.xcassets in Resources */,
			);
			runOnlyForDeploymentPostprocessing = 0;
		};
/* End PBXResourcesBuildPhase section */

/* Begin PBXSourcesBuildPhase section */
		C8EA33AE26DC0A8700B9C838 /* Sources */ = {
			isa = PBXSourcesBuildPhase;
			buildActionMask = 2147483647;
			files = (
				C893C87626E6ACD700FB2E4F /* MonthView.swift in Sources */,
				C893C87826E6ACF900FB2E4F /* YearView.swift in Sources */,
				6FCCB20526FCC55C00B6E83A /* Auxiliary.swift in Sources */,
				C8E8C91B26DFBEE300E1D440 /* CalendarViewModel.swift in Sources */,
				C8E8C91D26DFC51C00E1D440 /* Identified.swift in Sources */,
				C893C87026E656A400FB2E4F /* Collection+binarySearch.swift in Sources */,
				C8EA33B826DC0A8700B9C838 /* RootView.swift in Sources */,
				C893C87A26E6AD6200FB2E4F /* CalendarView.swift in Sources */,
				40127E9726F9E0E900C9F265 /* CompactMonthView.swift in Sources */,
				C893C87226E6AC9200FB2E4F /* DayView.swift in Sources */,
				C893C87C26E6AEEA00FB2E4F /* CalendarScaledView.swift in Sources */,
				C80C542D26E26D61002A9665 /* WhileSequence.swift in Sources */,
				C893C87426E6ACBC00FB2E4F /* WeekView.swift in Sources */,
				C8E8C91F26DFC96300E1D440 /* CalendarComponentsManager.swift in Sources */,
				C8EA33B626DC0A8700B9C838 /* CalendarApp.swift in Sources */,
				C82FA23A26DCE5FE0099D749 /* Month.swift in Sources */,
			);
			runOnlyForDeploymentPostprocessing = 0;
		};
/* End PBXSourcesBuildPhase section */

/* Begin PBXVariantGroup section */
		C8B1082926EA805800E4081D /* Localization.strings */ = {
			isa = PBXVariantGroup;
			children = (
				C8B1082826EA805800E4081D /* en */,
				C8B1082A26EA805D00E4081D /* ru */,
			);
			name = Localization.strings;
			sourceTree = "<group>";
		};
/* End PBXVariantGroup section */

/* Begin XCBuildConfiguration section */
		C8EA33BF26DC0A8900B9C838 /* Debug */ = {
			isa = XCBuildConfiguration;
			buildSettings = {
				ALWAYS_SEARCH_USER_PATHS = NO;
				CLANG_ANALYZER_LOCALIZABILITY_NONLOCALIZED = YES;
				CLANG_ANALYZER_NONNULL = YES;
				CLANG_ANALYZER_NUMBER_OBJECT_CONVERSION = YES_AGGRESSIVE;
				CLANG_CXX_LANGUAGE_STANDARD = "gnu++14";
				CLANG_CXX_LIBRARY = "libc++";
				CLANG_ENABLE_MODULES = YES;
				CLANG_ENABLE_OBJC_ARC = YES;
				CLANG_ENABLE_OBJC_WEAK = YES;
				CLANG_WARN_BLOCK_CAPTURE_AUTORELEASING = YES;
				CLANG_WARN_BOOL_CONVERSION = YES;
				CLANG_WARN_COMMA = YES;
				CLANG_WARN_CONSTANT_CONVERSION = YES;
				CLANG_WARN_DEPRECATED_OBJC_IMPLEMENTATIONS = YES;
				CLANG_WARN_DIRECT_OBJC_ISA_USAGE = YES_ERROR;
				CLANG_WARN_DOCUMENTATION_COMMENTS = YES;
				CLANG_WARN_EMPTY_BODY = YES;
				CLANG_WARN_ENUM_CONVERSION = YES;
				CLANG_WARN_INFINITE_RECURSION = YES;
				CLANG_WARN_INT_CONVERSION = YES;
				CLANG_WARN_NON_LITERAL_NULL_CONVERSION = YES;
				CLANG_WARN_OBJC_IMPLICIT_RETAIN_SELF = YES;
				CLANG_WARN_OBJC_LITERAL_CONVERSION = YES;
				CLANG_WARN_OBJC_ROOT_CLASS = YES_ERROR;
				CLANG_WARN_QUOTED_INCLUDE_IN_FRAMEWORK_HEADER = YES;
				CLANG_WARN_RANGE_LOOP_ANALYSIS = YES;
				CLANG_WARN_STRICT_PROTOTYPES = YES;
				CLANG_WARN_SUSPICIOUS_MOVE = YES;
				CLANG_WARN_UNGUARDED_AVAILABILITY = YES_AGGRESSIVE;
				CLANG_WARN_UNREACHABLE_CODE = YES;
				CLANG_WARN__DUPLICATE_METHOD_MATCH = YES;
				COPY_PHASE_STRIP = NO;
				DEBUG_INFORMATION_FORMAT = dwarf;
				ENABLE_STRICT_OBJC_MSGSEND = YES;
				ENABLE_TESTABILITY = YES;
				GCC_C_LANGUAGE_STANDARD = gnu11;
				GCC_DYNAMIC_NO_PIC = NO;
				GCC_NO_COMMON_BLOCKS = YES;
				GCC_OPTIMIZATION_LEVEL = 0;
				GCC_PREPROCESSOR_DEFINITIONS = (
					"DEBUG=1",
					"$(inherited)",
				);
				GCC_WARN_64_TO_32_BIT_CONVERSION = YES;
				GCC_WARN_ABOUT_RETURN_TYPE = YES_ERROR;
				GCC_WARN_UNDECLARED_SELECTOR = YES;
				GCC_WARN_UNINITIALIZED_AUTOS = YES_AGGRESSIVE;
				GCC_WARN_UNUSED_FUNCTION = YES;
				GCC_WARN_UNUSED_VARIABLE = YES;
				IPHONEOS_DEPLOYMENT_TARGET = 14.4;
				MTL_ENABLE_DEBUG_INFO = INCLUDE_SOURCE;
				MTL_FAST_MATH = YES;
				ONLY_ACTIVE_ARCH = YES;
				SDKROOT = iphoneos;
				SWIFT_ACTIVE_COMPILATION_CONDITIONS = DEBUG;
				SWIFT_OPTIMIZATION_LEVEL = "-Onone";
				SWIFT_VERSION = 5.0;
			};
			name = Debug;
		};
		C8EA33C026DC0A8900B9C838 /* Release */ = {
			isa = XCBuildConfiguration;
			buildSettings = {
				ALWAYS_SEARCH_USER_PATHS = NO;
				CLANG_ANALYZER_LOCALIZABILITY_NONLOCALIZED = YES;
				CLANG_ANALYZER_NONNULL = YES;
				CLANG_ANALYZER_NUMBER_OBJECT_CONVERSION = YES_AGGRESSIVE;
				CLANG_CXX_LANGUAGE_STANDARD = "gnu++14";
				CLANG_CXX_LIBRARY = "libc++";
				CLANG_ENABLE_MODULES = YES;
				CLANG_ENABLE_OBJC_ARC = YES;
				CLANG_ENABLE_OBJC_WEAK = YES;
				CLANG_WARN_BLOCK_CAPTURE_AUTORELEASING = YES;
				CLANG_WARN_BOOL_CONVERSION = YES;
				CLANG_WARN_COMMA = YES;
				CLANG_WARN_CONSTANT_CONVERSION = YES;
				CLANG_WARN_DEPRECATED_OBJC_IMPLEMENTATIONS = YES;
				CLANG_WARN_DIRECT_OBJC_ISA_USAGE = YES_ERROR;
				CLANG_WARN_DOCUMENTATION_COMMENTS = YES;
				CLANG_WARN_EMPTY_BODY = YES;
				CLANG_WARN_ENUM_CONVERSION = YES;
				CLANG_WARN_INFINITE_RECURSION = YES;
				CLANG_WARN_INT_CONVERSION = YES;
				CLANG_WARN_NON_LITERAL_NULL_CONVERSION = YES;
				CLANG_WARN_OBJC_IMPLICIT_RETAIN_SELF = YES;
				CLANG_WARN_OBJC_LITERAL_CONVERSION = YES;
				CLANG_WARN_OBJC_ROOT_CLASS = YES_ERROR;
				CLANG_WARN_QUOTED_INCLUDE_IN_FRAMEWORK_HEADER = YES;
				CLANG_WARN_RANGE_LOOP_ANALYSIS = YES;
				CLANG_WARN_STRICT_PROTOTYPES = YES;
				CLANG_WARN_SUSPICIOUS_MOVE = YES;
				CLANG_WARN_UNGUARDED_AVAILABILITY = YES_AGGRESSIVE;
				CLANG_WARN_UNREACHABLE_CODE = YES;
				CLANG_WARN__DUPLICATE_METHOD_MATCH = YES;
				COPY_PHASE_STRIP = NO;
				DEBUG_INFORMATION_FORMAT = "dwarf-with-dsym";
				ENABLE_NS_ASSERTIONS = NO;
				ENABLE_STRICT_OBJC_MSGSEND = YES;
				GCC_C_LANGUAGE_STANDARD = gnu11;
				GCC_NO_COMMON_BLOCKS = YES;
				GCC_WARN_64_TO_32_BIT_CONVERSION = YES;
				GCC_WARN_ABOUT_RETURN_TYPE = YES_ERROR;
				GCC_WARN_UNDECLARED_SELECTOR = YES;
				GCC_WARN_UNINITIALIZED_AUTOS = YES_AGGRESSIVE;
				GCC_WARN_UNUSED_FUNCTION = YES;
				GCC_WARN_UNUSED_VARIABLE = YES;
				IPHONEOS_DEPLOYMENT_TARGET = 14.4;
				MTL_ENABLE_DEBUG_INFO = NO;
				MTL_FAST_MATH = YES;
				SDKROOT = iphoneos;
				SWIFT_COMPILATION_MODE = wholemodule;
				SWIFT_OPTIMIZATION_LEVEL = "-O";
				SWIFT_VERSION = 5.0;
				VALIDATE_PRODUCT = YES;
			};
			name = Release;
		};
		C8EA33C226DC0A8900B9C838 /* Debug */ = {
			isa = XCBuildConfiguration;
			buildSettings = {
				ASSETCATALOG_COMPILER_APPICON_NAME = AppIcon;
				ASSETCATALOG_COMPILER_GLOBAL_ACCENT_COLOR_NAME = AccentColor;
				CODE_SIGN_STYLE = Automatic;
				DEVELOPMENT_ASSET_PATHS = "\"Calendar/Preview Content\"";
				DEVELOPMENT_TEAM = YC6855T4ZG;
				ENABLE_PREVIEWS = YES;
				INFOPLIST_FILE = Calendar/Info.plist;
				IPHONEOS_DEPLOYMENT_TARGET = 14.4;
				LD_RUNPATH_SEARCH_PATHS = (
					"$(inherited)",
					"@executable_path/Frameworks",
				);
				PRODUCT_BUNDLE_IDENTIFIER = ru.nikitakislyakov1.Calendar;
				PRODUCT_NAME = "$(TARGET_NAME)";
				SWIFT_VERSION = 5.0;
				TARGETED_DEVICE_FAMILY = 1;
			};
			name = Debug;
		};
		C8EA33C326DC0A8900B9C838 /* Release */ = {
			isa = XCBuildConfiguration;
			buildSettings = {
				ASSETCATALOG_COMPILER_APPICON_NAME = AppIcon;
				ASSETCATALOG_COMPILER_GLOBAL_ACCENT_COLOR_NAME = AccentColor;
				CODE_SIGN_STYLE = Automatic;
				DEVELOPMENT_ASSET_PATHS = "\"Calendar/Preview Content\"";
				DEVELOPMENT_TEAM = YC6855T4ZG;
				ENABLE_PREVIEWS = YES;
				INFOPLIST_FILE = Calendar/Info.plist;
				IPHONEOS_DEPLOYMENT_TARGET = 14.4;
				LD_RUNPATH_SEARCH_PATHS = (
					"$(inherited)",
					"@executable_path/Frameworks",
				);
				PRODUCT_BUNDLE_IDENTIFIER = ru.nikitakislyakov1.Calendar;
				PRODUCT_NAME = "$(TARGET_NAME)";
				SWIFT_VERSION = 5.0;
				TARGETED_DEVICE_FAMILY = 1;
			};
			name = Release;
		};
/* End XCBuildConfiguration section */

/* Begin XCConfigurationList section */
		C8EA33AD26DC0A8700B9C838 /* Build configuration list for PBXProject "Calendar" */ = {
			isa = XCConfigurationList;
			buildConfigurations = (
				C8EA33BF26DC0A8900B9C838 /* Debug */,
				C8EA33C026DC0A8900B9C838 /* Release */,
			);
			defaultConfigurationIsVisible = 0;
			defaultConfigurationName = Release;
		};
		C8EA33C126DC0A8900B9C838 /* Build configuration list for PBXNativeTarget "Calendar" */ = {
			isa = XCConfigurationList;
			buildConfigurations = (
				C8EA33C226DC0A8900B9C838 /* Debug */,
				C8EA33C326DC0A8900B9C838 /* Release */,
			);
			defaultConfigurationIsVisible = 0;
			defaultConfigurationName = Release;
		};
/* End XCConfigurationList section */
	};
	rootObject = C8EA33AA26DC0A8700B9C838 /* Project object */;
}
